
Microsoft Visual Studio Solution File, Format Version 12.00
# Visual Studio Version 16
VisualStudioVersion = 16.0.29519.87
MinimumVisualStudioVersion = 10.0.40219.1
Project("{FAE04EC0-301F-11D3-BF4B-00C04F79EFBC}") = "Calculator.ConsoleApp", "Calculator.ConsoleApp\Calculator.ConsoleApp.csproj", "{BC4171B7-8C52-4FEF-A3C1-D41A45390527}"
EndProject
Global
	GlobalSection(SolutionConfigurationPlatforms) = preSolution
		Debug|Any CPU = Debug|Any CPU
		Release|Any CPU = Release|Any CPU
	EndGlobalSection
	GlobalSection(ProjectConfigurationPlatforms) = postSolution
		{BC4171B7-8C52-4FEF-A3C1-D41A45390527}.Debug|Any CPU.ActiveCfg = Debug|Any CPU
		{BC4171B7-8C52-4FEF-A3C1-D41A45390527}.Debug|Any CPU.Build.0 = Debug|Any CPU
		{BC4171B7-8C52-4FEF-A3C1-D41A45390527}.Release|Any CPU.ActiveCfg = Release|Any CPU
		{BC4171B7-8C52-4FEF-A3C1-D41A45390527}.Release|Any CPU.Build.0 = Release|Any CPU
	EndGlobalSection
	GlobalSection(SolutionProperties) = preSolution
		HideSolutionNode = FALSE
	EndGlobalSection
	GlobalSection(ExtensibilityGlobals) = postSolution
		SolutionGuid = {023545E5-4007-4CAA-B723-C3356562A4CC}
	EndGlobalSection
EndGlobal
